
Microsoft Visual Studio Solution File, Format Version 12.00
# Visual Studio Version 16
VisualStudioVersion = 16.0.31005.135
MinimumVisualStudioVersion = 10.0.40219.1
Project("{FAE04EC0-301F-11D3-BF4B-00C04F79EFBC}") = "HACK_PTS", "HACK_PTS.csproj", "{CAE39F9A-CCC2-4A68-8633-E3ED144D7513}"
EndProject
Global
	GlobalSection(SolutionConfigurationPlatforms) = preSolution
		Debug|Any CPU = Debug|Any CPU
		Release|Any CPU = Release|Any CPU
	EndGlobalSection
	GlobalSection(ProjectConfigurationPlatforms) = postSolution
		{CAE39F9A-CCC2-4A68-8633-E3ED144D7513}.Debug|Any CPU.ActiveCfg = Debug|Any CPU
		{CAE39F9A-CCC2-4A68-8633-E3ED144D7513}.Debug|Any CPU.Build.0 = Debug|Any CPU
		{CAE39F9A-CCC2-4A68-8633-E3ED144D7513}.Release|Any CPU.ActiveCfg = Release|Any CPU
		{CAE39F9A-CCC2-4A68-8633-E3ED144D7513}.Release|Any CPU.Build.0 = Release|Any CPU
	EndGlobalSection
	GlobalSection(SolutionProperties) = preSolution
		HideSolutionNode = FALSE
	EndGlobalSection
	GlobalSection(ExtensibilityGlobals) = postSolution
		SolutionGuid = {6515B0AF-2182-4789-9275-F8D520999206}
	EndGlobalSection
EndGlobal
